
Microsoft Visual Studio Solution File, Format Version 12.00
# Visual Studio Version 17
VisualStudioVersion = 17.2.32505.173
MinimumVisualStudioVersion = 10.0.40219.1
Project("{FAE04EC0-301F-11D3-BF4B-00C04F79EFBC}") = "MvcMovie", "MvcMovie\MvcMovie.csproj", "{1910292E-6000-40C1-8E9B-16F4076CEAE6}"
EndProject
Global
	GlobalSection(SolutionConfigurationPlatforms) = preSolution
		Debug|Any CPU = Debug|Any CPU
		Release|Any CPU = Release|Any CPU
	EndGlobalSection
	GlobalSection(ProjectConfigurationPlatforms) = postSolution
		{1910292E-6000-40C1-8E9B-16F4076CEAE6}.Debug|Any CPU.ActiveCfg = Debug|Any CPU
		{1910292E-6000-40C1-8E9B-16F4076CEAE6}.Debug|Any CPU.Build.0 = Debug|Any CPU
		{1910292E-6000-40C1-8E9B-16F4076CEAE6}.Release|Any CPU.ActiveCfg = Release|Any CPU
		{1910292E-6000-40C1-8E9B-16F4076CEAE6}.Release|Any CPU.Build.0 = Release|Any CPU
	EndGlobalSection
	GlobalSection(SolutionProperties) = preSolution
		HideSolutionNode = FALSE
	EndGlobalSection
	GlobalSection(ExtensibilityGlobals) = postSolution
		SolutionGuid = {9F5F4DCD-1953-43B9-994A-7CF65FD4D22F}
	EndGlobalSection
EndGlobal
